
Microsoft Visual Studio Solution File, Format Version 12.00
# Visual Studio 2012
Project("{FAE04EC0-301F-11D3-BF4B-00C04F79EFBC}") = "TestCodeReview", "TestCodeReview\TestCodeReview.csproj", "{8580B03C-0C38-45E5-9D92-C24F56821FF5}"
EndProject
Global
	GlobalSection(SolutionConfigurationPlatforms) = preSolution
		Debug|Any CPU = Debug|Any CPU
		Release|Any CPU = Release|Any CPU
	EndGlobalSection
	GlobalSection(ProjectConfigurationPlatforms) = postSolution
		{8580B03C-0C38-45E5-9D92-C24F56821FF5}.Debug|Any CPU.ActiveCfg = Debug|Any CPU
		{8580B03C-0C38-45E5-9D92-C24F56821FF5}.Debug|Any CPU.Build.0 = Debug|Any CPU
		{8580B03C-0C38-45E5-9D92-C24F56821FF5}.Release|Any CPU.ActiveCfg = Release|Any CPU
		{8580B03C-0C38-45E5-9D92-C24F56821FF5}.Release|Any CPU.Build.0 = Release|Any CPU
	EndGlobalSection
	GlobalSection(SolutionProperties) = preSolution
		HideSolutionNode = FALSE
	EndGlobalSection
EndGlobal
